
Microsoft Visual Studio Solution File, Format Version 12.00
# Visual Studio Version 16
VisualStudioVersion = 16.0.30204.135
MinimumVisualStudioVersion = 10.0.40219.1
Project("{FAE04EC0-301F-11D3-BF4B-00C04F79EFBC}") = "ifmo.compilers", "ifmo.compilers\ifmo.compilers.csproj", "{DDABA6D2-7FD6-42F4-BF44-1C7023D060C2}"
EndProject
Project("{FAE04EC0-301F-11D3-BF4B-00C04F79EFBC}") = "SyntaxAnalysisLibray", "SyntaxAnalysisLibray\SyntaxAnalysisLibray.csproj", "{EB412DB3-EECA-496B-910C-00F57FA8D381}"
EndProject
Global
	GlobalSection(SolutionConfigurationPlatforms) = preSolution
		Debug|Any CPU = Debug|Any CPU
		Release|Any CPU = Release|Any CPU
	EndGlobalSection
	GlobalSection(ProjectConfigurationPlatforms) = postSolution
		{DDABA6D2-7FD6-42F4-BF44-1C7023D060C2}.Debug|Any CPU.ActiveCfg = Debug|Any CPU
		{DDABA6D2-7FD6-42F4-BF44-1C7023D060C2}.Debug|Any CPU.Build.0 = Debug|Any CPU
		{DDABA6D2-7FD6-42F4-BF44-1C7023D060C2}.Release|Any CPU.ActiveCfg = Release|Any CPU
		{DDABA6D2-7FD6-42F4-BF44-1C7023D060C2}.Release|Any CPU.Build.0 = Release|Any CPU
		{EB412DB3-EECA-496B-910C-00F57FA8D381}.Debug|Any CPU.ActiveCfg = Debug|Any CPU
		{EB412DB3-EECA-496B-910C-00F57FA8D381}.Debug|Any CPU.Build.0 = Debug|Any CPU
		{EB412DB3-EECA-496B-910C-00F57FA8D381}.Release|Any CPU.ActiveCfg = Release|Any CPU
		{EB412DB3-EECA-496B-910C-00F57FA8D381}.Release|Any CPU.Build.0 = Release|Any CPU
	EndGlobalSection
	GlobalSection(SolutionProperties) = preSolution
		HideSolutionNode = FALSE
	EndGlobalSection
	GlobalSection(ExtensibilityGlobals) = postSolution
		SolutionGuid = {95BDAF78-F6C5-4C10-BCB3-4BCCAE46B10D}
	EndGlobalSection
EndGlobal
